
Microsoft Visual Studio Solution File, Format Version 12.00
Project("{2150E333-8FDC-42A3-9474-1A3956D46DE8}") = "Presentation", "Presentation", "{C06757E2-ADAD-459D-8404-AAC2B51A7A9A}"
EndProject
Project("{2150E333-8FDC-42A3-9474-1A3956D46DE8}") = "Common", "Common", "{DEAAF35B-AA73-4714-90E7-014CBC355AD6}"
EndProject
Project("{2150E333-8FDC-42A3-9474-1A3956D46DE8}") = "Core", "Core", "{AD58521C-0497-4420-9F5F-6816B56CAEC1}"
EndProject
Project("{FAE04EC0-301F-11D3-BF4B-00C04F79EFBC}") = "Server", "Server\Server.csproj", "{15CA1BBA-F9A7-4675-ADBC-0687412D5C6F}"
EndProject
Project("{2150E333-8FDC-42A3-9474-1A3956D46DE8}") = "Client", "Client", "{1C74581E-19A8-4A59-A6DC-F19C7E31460C}"
EndProject
Project("{FAE04EC0-301F-11D3-BF4B-00C04F79EFBC}") = "Client.Infrastructure", "Client.Infrastructure\Client.Infrastructure.csproj", "{930ABEA1-CEB0-4982-B4ED-0642CEA27174}"
EndProject
Project("{FAE04EC0-301F-11D3-BF4B-00C04F79EFBC}") = "Client", "Client\Client.csproj", "{B1290738-FA47-4748-8A64-60ABA9009559}"
EndProject
Project("{FAE04EC0-301F-11D3-BF4B-00C04F79EFBC}") = "Infrastructure", "Infrastructure\Infrastructure.csproj", "{62388734-C8B9-4BF7-9D1E-74E646F04256}"
EndProject
Project("{2150E333-8FDC-42A3-9474-1A3956D46DE8}") = "Infrastructure", "Infrastructure", "{7C4EFDD0-30AF-430B-AF8B-D2BE02F8C8BF}"
EndProject
Project("{FAE04EC0-301F-11D3-BF4B-00C04F79EFBC}") = "Application", "Application\Application.csproj", "{78DB3016-631D-4C85-B412-86427A725650}"
EndProject
Project("{FAE04EC0-301F-11D3-BF4B-00C04F79EFBC}") = "Domain", "Domain\Domain.csproj", "{7DC8CDCF-4A5D-4961-81B0-FB661E6A7778}"
EndProject
Project("{FAE04EC0-301F-11D3-BF4B-00C04F79EFBC}") = "Shared", "Shared\Shared.csproj", "{BE869D7E-46BB-4C16-8E82-A7AF0ABDC961}"
EndProject
Project("{2150E333-8FDC-42A3-9474-1A3956D46DE8}") = "Documentations", "Documentations", "{A007F1DD-61DF-4925-9F78-EA3E3C69A568}"
	ProjectSection(SolutionItems) = preProject
		Documentation\DiagramSchema.mmd = Documentation\DiagramSchema.mmd
	EndProjectSection
EndProject
Global
	GlobalSection(SolutionConfigurationPlatforms) = preSolution
		Debug|Any CPU = Debug|Any CPU
		Release|Any CPU = Release|Any CPU
	EndGlobalSection
	GlobalSection(ProjectConfigurationPlatforms) = postSolution
		{15CA1BBA-F9A7-4675-ADBC-0687412D5C6F}.Debug|Any CPU.ActiveCfg = Debug|Any CPU
		{15CA1BBA-F9A7-4675-ADBC-0687412D5C6F}.Debug|Any CPU.Build.0 = Debug|Any CPU
		{15CA1BBA-F9A7-4675-ADBC-0687412D5C6F}.Release|Any CPU.ActiveCfg = Release|Any CPU
		{15CA1BBA-F9A7-4675-ADBC-0687412D5C6F}.Release|Any CPU.Build.0 = Release|Any CPU
		{930ABEA1-CEB0-4982-B4ED-0642CEA27174}.Debug|Any CPU.ActiveCfg = Debug|Any CPU
		{930ABEA1-CEB0-4982-B4ED-0642CEA27174}.Debug|Any CPU.Build.0 = Debug|Any CPU
		{930ABEA1-CEB0-4982-B4ED-0642CEA27174}.Release|Any CPU.ActiveCfg = Release|Any CPU
		{930ABEA1-CEB0-4982-B4ED-0642CEA27174}.Release|Any CPU.Build.0 = Release|Any CPU
		{B1290738-FA47-4748-8A64-60ABA9009559}.Debug|Any CPU.ActiveCfg = Debug|Any CPU
		{B1290738-FA47-4748-8A64-60ABA9009559}.Debug|Any CPU.Build.0 = Debug|Any CPU
		{B1290738-FA47-4748-8A64-60ABA9009559}.Release|Any CPU.ActiveCfg = Release|Any CPU
		{B1290738-FA47-4748-8A64-60ABA9009559}.Release|Any CPU.Build.0 = Release|Any CPU
		{62388734-C8B9-4BF7-9D1E-74E646F04256}.Debug|Any CPU.ActiveCfg = Debug|Any CPU
		{62388734-C8B9-4BF7-9D1E-74E646F04256}.Debug|Any CPU.Build.0 = Debug|Any CPU
		{62388734-C8B9-4BF7-9D1E-74E646F04256}.Release|Any CPU.ActiveCfg = Release|Any CPU
		{62388734-C8B9-4BF7-9D1E-74E646F04256}.Release|Any CPU.Build.0 = Release|Any CPU
		{78DB3016-631D-4C85-B412-86427A725650}.Debug|Any CPU.ActiveCfg = Debug|Any CPU
		{78DB3016-631D-4C85-B412-86427A725650}.Debug|Any CPU.Build.0 = Debug|Any CPU
		{78DB3016-631D-4C85-B412-86427A725650}.Release|Any CPU.ActiveCfg = Release|Any CPU
		{78DB3016-631D-4C85-B412-86427A725650}.Release|Any CPU.Build.0 = Release|Any CPU
		{7DC8CDCF-4A5D-4961-81B0-FB661E6A7778}.Debug|Any CPU.ActiveCfg = Debug|Any CPU
		{7DC8CDCF-4A5D-4961-81B0-FB661E6A7778}.Debug|Any CPU.Build.0 = Debug|Any CPU
		{7DC8CDCF-4A5D-4961-81B0-FB661E6A7778}.Release|Any CPU.ActiveCfg = Release|Any CPU
		{7DC8CDCF-4A5D-4961-81B0-FB661E6A7778}.Release|Any CPU.Build.0 = Release|Any CPU
		{BE869D7E-46BB-4C16-8E82-A7AF0ABDC961}.Debug|Any CPU.ActiveCfg = Debug|Any CPU
		{BE869D7E-46BB-4C16-8E82-A7AF0ABDC961}.Debug|Any CPU.Build.0 = Debug|Any CPU
		{BE869D7E-46BB-4C16-8E82-A7AF0ABDC961}.Release|Any CPU.ActiveCfg = Release|Any CPU
		{BE869D7E-46BB-4C16-8E82-A7AF0ABDC961}.Release|Any CPU.Build.0 = Release|Any CPU
	EndGlobalSection
	GlobalSection(NestedProjects) = preSolution
		{15CA1BBA-F9A7-4675-ADBC-0687412D5C6F} = {C06757E2-ADAD-459D-8404-AAC2B51A7A9A}
		{1C74581E-19A8-4A59-A6DC-F19C7E31460C} = {C06757E2-ADAD-459D-8404-AAC2B51A7A9A}
		{930ABEA1-CEB0-4982-B4ED-0642CEA27174} = {1C74581E-19A8-4A59-A6DC-F19C7E31460C}
		{B1290738-FA47-4748-8A64-60ABA9009559} = {1C74581E-19A8-4A59-A6DC-F19C7E31460C}
		{62388734-C8B9-4BF7-9D1E-74E646F04256} = {7C4EFDD0-30AF-430B-AF8B-D2BE02F8C8BF}
		{78DB3016-631D-4C85-B412-86427A725650} = {AD58521C-0497-4420-9F5F-6816B56CAEC1}
		{7DC8CDCF-4A5D-4961-81B0-FB661E6A7778} = {AD58521C-0497-4420-9F5F-6816B56CAEC1}
		{BE869D7E-46BB-4C16-8E82-A7AF0ABDC961} = {DEAAF35B-AA73-4714-90E7-014CBC355AD6}
	EndGlobalSection
EndGlobal
